PODS:
  - ESCategory (0.1.4):
    - ESCategory/NSArray (= 0.1.4)
    - ESCategory/NSAttributedString (= 0.1.4)
    - ESCategory/NSBundle (= 0.1.4)
    - ESCategory/NSData (= 0.1.4)
    - ESCategory/NSDate (= 0.1.4)
    - ESCategory/NSDictionary (= 0.1.4)
    - ESCategory/NSNumber (= 0.1.4)
    - ESCategory/NSString (= 0.1.4)
    - ESCategory/NSUserDefaults (= 0.1.4)
    - ESCategory/UIApplication (= 0.1.4)
    - ESCategory/UIColor (= 0.1.4)
    - ESCategory/UIDevice (= 0.1.4)
    - ESCategory/UIImage (= 0.1.4)
    - ESCategory/UINavigationController (= 0.1.4)
    - ESCategory/UITextField (= 0.1.4)
    - ESCategory/UIView (= 0.1.4)
    - ESUtils (~> 0.0.4)
    - MBProgressHUD (= 1.0.0)
  - ESCategory/NSArray (0.1.4):
    - ESUtils (~> 0.0.4)
    - MBProgressHUD (= 1.0.0)
  - ESCategory/NSAttributedString (0.1.4):
    - ESUtils (~> 0.0.4)
    - MBProgressHUD (= 1.0.0)
  - ESCategory/NSBundle (0.1.4):
    - ESUtils (~> 0.0.4)
    - MBProgressHUD (= 1.0.0)
  - ESCategory/NSData (0.1.4):
    - ESUtils (~> 0.0.4)
    - MBProgressHUD (= 1.0.0)
  - ESCategory/NSDate (0.1.4):
    - ESUtils (~> 0.0.4)
    - MBProgressHUD (= 1.0.0)
  - ESCategory/NSDictionary (0.1.4):
    - ESUtils (~> 0.0.4)
    - MBProgressHUD (= 1.0.0)
  - ESCategory/NSNumber (0.1.4):
    - ESUtils (~> 0.0.4)
    - MBProgressHUD (= 1.0.0)
  - ESCategory/NSString (0.1.4):
    - ESUtils (~> 0.0.4)
    - MBProgressHUD (= 1.0.0)
  - ESCategory/NSUserDefaults (0.1.4):
    - ESUtils (~> 0.0.4)
    - MBProgressHUD (= 1.0.0)
  - ESCategory/UIApplication (0.1.4):
    - ESUtils (~> 0.0.4)
    - MBProgressHUD (= 1.0.0)
  - ESCategory/UIColor (0.1.4):
    - ESUtils (~> 0.0.4)
    - MBProgressHUD (= 1.0.0)
  - ESCategory/UIDevice (0.1.4):
    - ESUtils (~> 0.0.4)
    - MBProgressHUD (= 1.0.0)
  - ESCategory/UIImage (0.1.4):
    - ESUtils (~> 0.0.4)
    - MBProgressHUD (= 1.0.0)
  - ESCategory/UINavigationController (0.1.4):
    - ESUtils (~> 0.0.4)
    - MBProgressHUD (= 1.0.0)
  - ESCategory/UITextField (0.1.4):
    - ESUtils (~> 0.0.4)
    - MBProgressHUD (= 1.0.0)
  - ESCategory/UIView (0.1.4):
    - ESUtils (~> 0.0.4)
    - MBProgressHUD (= 1.0.0)
  - ESUtils (0.0.4)
  - MBProgressHUD (1.0.0)

DEPENDENCIES:
  - ESCategory (~> 0.1.4)

SPEC CHECKSUMS:
  ESCategory: 95d4a874fdd9a540066c79e0020cfc31e54b4c51
  ESUtils: b34f0d0e60d01db0eed074897a9f767b5c3a6e71
  MBProgressHUD: 4890f671c94e8a0f3cf959aa731e9de2f036d71a

PODFILE CHECKSUM: 3347de63239940a86463f4555d96e9a28fcbf8a6

COCOAPODS: 1.3.1
